
Microsoft Visual Studio Solution File, Format Version 12.00
# Visual Studio Version 16
VisualStudioVersion = 16.0.29409.12
MinimumVisualStudioVersion = 10.0.40219.1
Project("{FAE04EC0-301F-11D3-BF4B-00C04F79EFBC}") = "Jaguar", "Jaguar\Jaguar.csproj", "{CC3CF5BA-8633-44B5-B591-1A9A1A102D69}"
EndProject
Global
	GlobalSection(SolutionConfigurationPlatforms) = preSolution
		Debug|Any CPU = Debug|Any CPU
		Debug|x86 = Debug|x86
		Release|Any CPU = Release|Any CPU
		Release|x86 = Release|x86
	EndGlobalSection
	GlobalSection(ProjectConfigurationPlatforms) = postSolution
		{CC3CF5BA-8633-44B5-B591-1A9A1A102D69}.Debug|Any CPU.ActiveCfg = Debug|Any CPU
		{CC3CF5BA-8633-44B5-B591-1A9A1A102D69}.Debug|Any CPU.Build.0 = Debug|Any CPU
		{CC3CF5BA-8633-44B5-B591-1A9A1A102D69}.Debug|x86.ActiveCfg = Debug|x86
		{CC3CF5BA-8633-44B5-B591-1A9A1A102D69}.Debug|x86.Build.0 = Debug|x86
		{CC3CF5BA-8633-44B5-B591-1A9A1A102D69}.Release|Any CPU.ActiveCfg = Release|Any CPU
		{CC3CF5BA-8633-44B5-B591-1A9A1A102D69}.Release|Any CPU.Build.0 = Release|Any CPU
		{CC3CF5BA-8633-44B5-B591-1A9A1A102D69}.Release|x86.ActiveCfg = Release|x86
		{CC3CF5BA-8633-44B5-B591-1A9A1A102D69}.Release|x86.Build.0 = Release|x86
	EndGlobalSection
	GlobalSection(SolutionProperties) = preSolution
		HideSolutionNode = FALSE
	EndGlobalSection
	GlobalSection(ExtensibilityGlobals) = postSolution
		SolutionGuid = {FB153DB4-F0CA-4596-AC14-CBECCE8DE3F1}
	EndGlobalSection
EndGlobal
